{
  "version": 4,
  "terraform_version": "1.13.1",
  "serial": 18,
  "lineage": "7e41b396-09c7-1a24-e2c9-ad198cba257f",
  "outputs": {},
  "resources": [
    {
      "mode": "managed",
      "type": "aws_iam_instance_profile",
      "name": "ec2_profile",
      "provider": "provider[\"registry.terraform.io/hashicorp/aws\"]",
      "instances": [
        {
          "schema_version": 0,
          "attributes": {
            "arn": "arn:aws:iam::211125767499:instance-profile/cloudoptimizer-ec2-profile",
            "create_date": "2025-09-05T08:35:38Z",
            "id": "cloudoptimizer-ec2-profile",
            "name": "cloudoptimizer-ec2-profile",
            "name_prefix": "",
            "path": "/",
            "role": "cloudoptimizer-ec2-role",
            "tags": null,
            "tags_all": {},
            "unique_id": "AIPATCKATRVF2LSR6DPDN"
          },
          "sensitive_attributes": [],
          "identity_schema_version": 0,
          "private": "bnVsbA==",
          "dependencies": [
            "aws_iam_role.ec2_role"
          ]
        }
      ]
    },
    {
      "mode": "managed",
      "type": "aws_iam_role",
      "name": "ec2_role",
      "provider": "provider[\"registry.terraform.io/hashicorp/aws\"]",
      "instances": [
        {
          "schema_version": 0,
          "attributes": {
            "arn": "arn:aws:iam::211125767499:role/cloudoptimizer-ec2-role",
            "assume_role_policy": "{\"Statement\":[{\"Action\":\"sts:AssumeRole\",\"Effect\":\"Allow\",\"Principal\":{\"Service\":\"ec2.amazonaws.com\"}}],\"Version\":\"2012-10-17\"}",
            "create_date": "2025-09-05T08:35:37Z",
            "description": "",
            "force_detach_policies": false,
            "id": "cloudoptimizer-ec2-role",
            "inline_policy": [],
            "managed_policy_arns": [],
            "max_session_duration": 3600,
            "name": "cloudoptimizer-ec2-role",
            "name_prefix": "",
            "path": "/",
            "permissions_boundary": "",
            "tags": null,
            "tags_all": {},
            "unique_id": "AROATCKATRVF6L7M3E2O3"
          },
          "sensitive_attributes": [],
          "identity_schema_version": 0,
          "private": "bnVsbA=="
        }
      ]
    },
    {
      "mode": "managed",
      "type": "aws_iam_role_policy",
      "name": "bedrock_policy",
      "provider": "provider[\"registry.terraform.io/hashicorp/aws\"]",
      "instances": [
        {
          "schema_version": 0,
          "attributes": {
            "id": "cloudoptimizer-ec2-role:bedrock-policy",
            "name": "bedrock-policy",
            "name_prefix": "",
            "policy": "{\"Version\":\"2012-10-17\",\"Statement\":[{\"Action\":[\"bedrock:InvokeModel\",\"bedrock:ListFoundationModels\"],\"Effect\":\"Allow\",\"Resource\":\"*\"},{\"Action\":[\"pricing:GetProducts\",\"pricing:DescribeServices\"],\"Effect\":\"Allow\",\"Resource\":\"*\"}]}",
            "role": "cloudoptimizer-ec2-role"
          },
          "sensitive_attributes": [],
          "identity_schema_version": 0,
          "private": "bnVsbA==",
          "dependencies": [
            "aws_iam_role.ec2_role"
          ]
        }
      ]
    },
    {
      "mode": "managed",
      "type": "aws_internet_gateway",
      "name": "main",
      "provider": "provider[\"registry.terraform.io/hashicorp/aws\"]",
      "instances": [
        {
          "schema_version": 0,
          "attributes": {
            "arn": "arn:aws:ec2:us-east-1:211125767499:internet-gateway/igw-0338be546baa5dce0",
            "id": "igw-0338be546baa5dce0",
            "owner_id": "211125767499",
            "tags": {
              "Name": "cloudoptimizer-igw"
            },
            "tags_all": {
              "Name": "cloudoptimizer-igw"
            },
            "timeouts": null,
            "vpc_id": "vpc-0e16a9e16b4b05298"
          },
          "sensitive_attributes": [],
          "identity_schema_version": 0,
          "private": "eyJlMmJmYjczMC1lY2FhLTExZTYtOGY4OC0zNDM2M2JjN2M0YzAiOnsiY3JlYXRlIjoxMjAwMDAwMDAwMDAwLCJkZWxldGUiOjEyMDAwMDAwMDAwMDAsInVwZGF0ZSI6MTIwMDAwMDAwMDAwMH19",
          "dependencies": [
            "aws_vpc.main"
          ]
        }
      ]
    },
    {
      "mode": "managed",
      "type": "aws_launch_template",
      "name": "app",
      "provider": "provider[\"registry.terraform.io/hashicorp/aws\"]",
      "instances": [
        {
          "schema_version": 0,
          "attributes": {
            "arn": "arn:aws:ec2:us-east-1:211125767499:launch-template/lt-08f69b90f98dfd907",
            "block_device_mappings": [],
            "capacity_reservation_specification": [],
            "cpu_options": [],
            "credit_specification": [],
            "default_version": 1,
            "description": "",
            "disable_api_stop": false,
            "disable_api_termination": false,
            "ebs_optimized": "",
            "elastic_gpu_specifications": [],
            "elastic_inference_accelerator": [],
            "enclave_options": [],
            "hibernation_options": [],
            "iam_instance_profile": [
              {
                "arn": "",
                "name": "cloudoptimizer-ec2-profile"
              }
            ],
            "id": "lt-08f69b90f98dfd907",
            "image_id": "ami-0c2d3e23e757b5d84",
            "instance_initiated_shutdown_behavior": "",
            "instance_market_options": [],
            "instance_requirements": [],
            "instance_type": "t3.micro",
            "kernel_id": "",
            "key_name": "test003",
            "latest_version": 1,
            "license_specification": [],
            "maintenance_options": [],
            "metadata_options": [],
            "monitoring": [],
            "name": "cloudoptimizer-20250905083559322800000004",
            "name_prefix": "cloudoptimizer-",
            "network_interfaces": [],
            "placement": [],
            "private_dns_name_options": [],
            "ram_disk_id": "",
            "security_group_names": null,
            "tag_specifications": [
              {
                "resource_type": "instance",
                "tags": {
                  "Name": "cloudoptimizer-app"
                }
              }
            ],
            "tags": null,
            "tags_all": {},
            "update_default_version": null,
            "user_data": "IyEvYmluL2Jhc2gKeXVtIHVwZGF0ZSAteQp5dW0gaW5zdGFsbCAteSBweXRob24zIHB5dGhvbjMtcGlwIGdpdAoKIyDtlITroaDtirjsl5Trk5wg7ISk7KCVCmNkIC9ob21lL2VjMi11c2VyCmdpdCBjbG9uZSBodHRwczovL2dpdGh1Yi5jb20veW91ci1yZXBvL2Zyb250ZW5kLmdpdCB8fCBlY2hvICJGcm9udGVuZCByZXBvIG5vdCBmb3VuZCIKY2QgZnJvbnRlbmQgMj4vZGV2L251bGwgfHwgbWtkaXIgZnJvbnRlbmQKCiMg7ZSE66Gg7Yq47JeU65OcIO2MjOydvCDsg53shLEgKOyehOyLnCkKY2F0ID4gYXBwLnB5IDw8ICdFT0YnCmZyb20gZmxhc2sgaW1wb3J0IEZsYXNrLCByZW5kZXJfdGVtcGxhdGUsIHJlcXVlc3QsIGpzb25pZnkKaW1wb3J0IHV1aWQKaW1wb3J0IHJlcXVlc3RzCgphcHAgPSBGbGFzayhfX25hbWVfXykKCkBhcHAucm91dGUoJy8nKQpkZWYgaW5kZXgoKToKICAgIHJldHVybiByZW5kZXJfdGVtcGxhdGUoJ2luZGV4Lmh0bWwnKQoKQGFwcC5yb3V0ZSgnL2VzdGltYXRlJywgbWV0aG9kcz1bJ1BPU1QnXSkKZGVmIGVzdGltYXRlKCk6CiAgICBkYXRhID0gcmVxdWVzdC5qc29uCiAgICBwcm9tcHQgPSBkYXRhLmdldCgncHJvbXB0JykKICAgIGJ1ZGdldCA9IGRhdGEuZ2V0KCdidWRnZXQnKQogICAgCiAgICByZXF1ZXN0X3V1aWQgPSBzdHIodXVpZC51dWlkNCgpKQogICAgCiAgICAjIOuwseyXlOuTnCBBUEkg7Zi47LacCiAgICB0cnk6CiAgICAgICAgcmVzcG9uc2UgPSByZXF1ZXN0cy5wb3N0KCdodHRwOi8vbG9jYWxob3N0OjUwMDEvcHJvY2VzcycsIGpzb249ewogICAgICAgICAgICAndXVpZCc6IHJlcXVlc3RfdXVpZCwKICAgICAgICAgICAgJ3Byb21wdCc6IHByb21wdCwKICAgICAgICAgICAgJ2J1ZGdldCc6IGJ1ZGdldAogICAgICAgIH0pCiAgICBleGNlcHQ6CiAgICAgICAgcGFzcwogICAgCiAgICByZXR1cm4ganNvbmlmeSh7J3V1aWQnOiByZXF1ZXN0X3V1aWR9KQoKQGFwcC5yb3V0ZSgnL3BvbGwvPHJlcXVlc3RfdXVpZD4nKQpkZWYgcG9sbF9yZXN1bHQocmVxdWVzdF91dWlkKToKICAgIHRyeToKICAgICAgICByZXNwb25zZSA9IHJlcXVlc3RzLmdldChmJ2h0dHA6Ly9sb2NhbGhvc3Q6NTAwMS9yZXN1bHQve3JlcXVlc3RfdXVpZH0nKQogICAgICAgIHJldHVybiByZXNwb25zZS5qc29uKCkKICAgIGV4Y2VwdDoKICAgICAgICByZXR1cm4ganNvbmlmeSh7J3N0YXR1cyc6ICdwcm9jZXNzaW5nJ30pCgppZiBfX25hbWVfXyA9PSAnX19tYWluX18nOgogICAgYXBwLnJ1bihob3N0PScwLjAuMC4wJywgcG9ydD01MDAwKQpFT0YKCm1rZGlyIC1wIHRlbXBsYXRlcwpjYXQgPiB0ZW1wbGF0ZXMvaW5kZXguaHRtbCA8PCAnRU9GJwo8IURPQ1RZUEUgaHRtbD4KPGh0bWw+CjxoZWFkPgogICAgPHRpdGxlPkNsb3VkT3B0aW1pemVyPC90aXRsZT4KICAgIDxtZXRhIGNoYXJzZXQ9InV0Zi04Ij4KICAgIDxzdHlsZT4KICAgICAgICBib2R5IHsgZm9udC1mYW1pbHk6IEFyaWFsLCBzYW5zLXNlcmlmOyBtYXJnaW46IDQwcHg7IGJhY2tncm91bmQ6ICNmNWY1ZjU7IH0KICAgICAgICAuY29udGFpbmVyIHsgbWF4LXdpZHRoOiA4MDBweDsgbWFyZ2luOiAwIGF1dG87IGJhY2tncm91bmQ6IHdoaXRlOyBwYWRkaW5nOiAzMHB4OyBib3JkZXItcmFkaXVzOiAxMHB4OyB9CiAgICAgICAgLmZvcm0tZ3JvdXAgeyBtYXJnaW4tYm90dG9tOiAyMHB4OyB9CiAgICAgICAgbGFiZWwgeyBkaXNwbGF5OiBibG9jazsgbWFyZ2luLWJvdHRvbTogNXB4OyBmb250LXdlaWdodDogYm9sZDsgfQogICAgICAgIGlucHV0LCBzZWxlY3QsIHRleHRhcmVhIHsgd2lkdGg6IDEwMCU7IHBhZGRpbmc6IDEwcHg7IGJvcmRlcjogMXB4IHNvbGlkICNkZGQ7IGJvcmRlci1yYWRpdXM6IDVweDsgfQogICAgICAgIGJ1dHRvbiB7IGJhY2tncm91bmQ6ICMwMDdiZmY7IGNvbG9yOiB3aGl0ZTsgcGFkZGluZzogMTJweCAyNHB4OyBib3JkZXI6IG5vbmU7IGJvcmRlci1yYWRpdXM6IDVweDsgY3Vyc29yOiBwb2ludGVyOyB9CiAgICAgICAgYnV0dG9uOmhvdmVyIHsgYmFja2dyb3VuZDogIzAwNTZiMzsgfQogICAgICAgICNyZXN1bHQgeyBtYXJnaW4tdG9wOiAyMHB4OyBwYWRkaW5nOiAyMHB4OyBiYWNrZ3JvdW5kOiAjZTllY2VmOyBib3JkZXItcmFkaXVzOiA1cHg7IGRpc3BsYXk6IG5vbmU7IH0KICAgIDwvc3R5bGU+CjwvaGVhZD4KPGJvZHk+CiAgICA8ZGl2IGNsYXNzPSJjb250YWluZXIiPgogICAgICAgIDxoMT5BV1Mg7ISc67mE7IqkIOy2lOyynCDtlIzrnqvtj7w8L2gxPgogICAgICAgIDxmb3JtIGlkPSJlc3RpbWF0ZUZvcm0iPgogICAgICAgICAgICA8ZGl2IGNsYXNzPSJmb3JtLWdyb3VwIj4KICAgICAgICAgICAgICAgIDxsYWJlbD7shJzruYTsiqQg7ISk66qFOjwvbGFiZWw+CiAgICAgICAgICAgICAgICA8dGV4dGFyZWEgaWQ9InByb21wdCIgcm93cz0iNCIgcGxhY2Vob2xkZXI9IuybkO2VmOuKlCDshJzruYTsiqTrpbwg7ISk66qF7ZW07KO87IS47JqUIiByZXF1aXJlZD48L3RleHRhcmVhPgogICAgICAgICAgICA8L2Rpdj4KICAgICAgICAgICAgPGRpdiBjbGFzcz0iZm9ybS1ncm91cCI+CiAgICAgICAgICAgICAgICA8bGFiZWw+7JuUIOyYiOyCsCAoVVNEKTo8L2xhYmVsPgogICAgICAgICAgICAgICAgPGlucHV0IHR5cGU9Im51bWJlciIgaWQ9ImJ1ZGdldCIgbWluPSIxIiBwbGFjZWhvbGRlcj0iMTAwIiByZXF1aXJlZD4KICAgICAgICAgICAgPC9kaXY+CiAgICAgICAgICAgIDxidXR0b24gdHlwZT0ic3VibWl0Ij7stpTsspwg67Cb6riwPC9idXR0b24+CiAgICAgICAgPC9mb3JtPgogICAgICAgIDxkaXYgaWQ9InJlc3VsdCI+CiAgICAgICAgICAgIDxoMz7rtoTshJ0g7KSRLi4uPC9oMz4KICAgICAgICAgICAgPHAgaWQ9InN0YXR1cyI+7J6g7Iuc66eMIOq4sOuLpOugpOyjvOyEuOyalC48L3A+CiAgICAgICAgPC9kaXY+CiAgICA8L2Rpdj4KCiAgICA8c2NyaXB0PgogICAgICAgIGRvY3VtZW50LmdldEVsZW1lbnRCeUlkKCdlc3RpbWF0ZUZvcm0nKS5hZGRFdmVudExpc3RlbmVyKCdzdWJtaXQnLCBhc3luYyAoZSkgPT4gewogICAgICAgICAgICBlLnByZXZlbnREZWZhdWx0KCk7CiAgICAgICAgICAgIAogICAgICAgICAgICBjb25zdCBwcm9tcHQgPSBkb2N1bWVudC5nZXRFbGVtZW50QnlJZCgncHJvbXB0JykudmFsdWU7CiAgICAgICAgICAgIGNvbnN0IGJ1ZGdldCA9IGRvY3VtZW50LmdldEVsZW1lbnRCeUlkKCdidWRnZXQnKS52YWx1ZTsKICAgICAgICAgICAgCiAgICAgICAgICAgIGRvY3VtZW50LmdldEVsZW1lbnRCeUlkKCdyZXN1bHQnKS5zdHlsZS5kaXNwbGF5ID0gJ2Jsb2NrJzsKICAgICAgICAgICAgCiAgICAgICAgICAgIHRyeSB7CiAgICAgICAgICAgICAgICBjb25zdCByZXNwb25zZSA9IGF3YWl0IGZldGNoKCcvZXN0aW1hdGUnLCB7CiAgICAgICAgICAgICAgICAgICAgbWV0aG9kOiAnUE9TVCcsCiAgICAgICAgICAgICAgICAgICAgaGVhZGVyczogeyAnQ29udGVudC1UeXBlJzogJ2FwcGxpY2F0aW9uL2pzb24nIH0sCiAgICAgICAgICAgICAgICAgICAgYm9keTogSlNPTi5zdHJpbmdpZnkoeyBwcm9tcHQsIGJ1ZGdldCB9KQogICAgICAgICAgICAgICAgfSk7CiAgICAgICAgICAgICAgICAKICAgICAgICAgICAgICAgIGNvbnN0IGRhdGEgPSBhd2FpdCByZXNwb25zZS5qc29uKCk7CiAgICAgICAgICAgICAgICBwb2xsUmVzdWx0KGRhdGEudXVpZCk7CiAgICAgICAgICAgIH0gY2F0Y2ggKGVycm9yKSB7CiAgICAgICAgICAgICAgICBkb2N1bWVudC5nZXRFbGVtZW50QnlJZCgnc3RhdHVzJykudGV4dENvbnRlbnQgPSAn7Jik66WY6rCAIOuwnOyDne2WiOyKteuLiOuLpC4nOwogICAgICAgICAgICB9CiAgICAgICAgfSk7CiAgICAgICAgCiAgICAgICAgYXN5bmMgZnVuY3Rpb24gcG9sbFJlc3VsdCh1dWlkKSB7CiAgICAgICAgICAgIHRyeSB7CiAgICAgICAgICAgICAgICBjb25zdCByZXNwb25zZSA9IGF3YWl0IGZldGNoKCcvcG9sbC8nICsgdXVpZCk7CiAgICAgICAgICAgICAgICBjb25zdCBkYXRhID0gYXdhaXQgcmVzcG9uc2UuanNvbigpOwogICAgICAgICAgICAgICAgCiAgICAgICAgICAgICAgICBpZiAoZGF0YS5zdGF0dXMgPT09ICdjb21wbGV0ZWQnKSB7CiAgICAgICAgICAgICAgICAgICAgZG9jdW1lbnQuZ2V0RWxlbWVudEJ5SWQoJ3N0YXR1cycpLmlubmVySFRNTCA9ICc8c3Ryb25nPuu2hOyEnSDsmYTro4whPC9zdHJvbmc+PGJyPjxwcmU+JyArIEpTT04uc3RyaW5naWZ5KGRhdGEsIG51bGwsIDIpICsgJzwvcHJlPic7CiAgICAgICAgICAgICAgICB9IGVsc2UgaWYgKGRhdGEuc3RhdHVzID09PSAnZmFpbGVkJykgewogICAgICAgICAgICAgICAgICAgIGRvY3VtZW50LmdldEVsZW1lbnRCeUlkKCdzdGF0dXMnKS5pbm5lckhUTUwgPSAn7LKY66asIOyLpO2MqCc7CiAgICAgICAgICAgICAgICB9IGVsc2UgewogICAgICAgICAgICAgICAgICAgIHNldFRpbWVvdXQoKCkgPT4gcG9sbFJlc3VsdCh1dWlkKSwgMjAwMCk7CiAgICAgICAgICAgICAgICB9CiAgICAgICAgICAgIH0gY2F0Y2ggKGVycm9yKSB7CiAgICAgICAgICAgICAgICBkb2N1bWVudC5nZXRFbGVtZW50QnlJZCgnc3RhdHVzJykudGV4dENvbnRlbnQgPSAn7Y+066eBIOyYpOulmCc7CiAgICAgICAgICAgIH0KICAgICAgICB9CiAgICA8L3NjcmlwdD4KPC9ib2R5Pgo8L2h0bWw+CkVPRgoKcGlwMyBpbnN0YWxsIGZsYXNrIHJlcXVlc3RzCm5vaHVwIHB5dGhvbjMgYXBwLnB5ID4gZnJvbnRlbmQubG9nIDI+JjEgJgoKIyDrsLHsl5Trk5wg7ISk7KCVCmNkIC9ob21lL2VjMi11c2VyCmdpdCBjbG9uZSBodHRwczovL2dpdGh1Yi5jb20veW91ci1yZXBvL2JhY2tlbmQuZ2l0IGJhY2tlbmQgfHwgbWtkaXIgYmFja2VuZApjZCBiYWNrZW5kCgpjYXQgPiBhcHAucHkgPDwgJ0VPRicKZnJvbSBmbGFzayBpbXBvcnQgRmxhc2ssIHJlcXVlc3QsIGpzb25pZnkKaW1wb3J0IGpzb24KaW1wb3J0IHRpbWUKZnJvbSB0aHJlYWRpbmcgaW1wb3J0IFRocmVhZAoKYXBwID0gRmxhc2soX19uYW1lX18pCnJlc3VsdHNfc3RvcmUgPSB7fQoKY2xhc3MgQVdTU2VydmljZUVzdGltYXRvcjoKICAgIGRlZiBfX2luaXRfXyhzZWxmKToKICAgICAgICBzZWxmLnNlcnZpY2VfY29zdHMgPSB7CiAgICAgICAgICAgICdFQzInOiB7J3QyLm1pY3JvJzogOC41LCAndDIuc21hbGwnOiAxNywgJ3QyLm1lZGl1bSc6IDM0fSwKICAgICAgICAgICAgJ1JEUyc6IHsnZGIudDMubWljcm8nOiAxNSwgJ2RiLnQzLnNtYWxsJzogMzB9LAogICAgICAgICAgICAnUzMnOiB7J3N0YW5kYXJkJzogMjMsICdpYSc6IDEyLjV9CiAgICAgICAgfQogICAgCiAgICBkZWYgYW5hbHl6ZV9yZXF1aXJlbWVudHMoc2VsZiwgcHJvbXB0LCBidWRnZXQpOgogICAgICAgIHNlcnZpY2VzID0gW10KICAgICAgICB0b3RhbF9jb3N0ID0gMAogICAgICAgIAogICAgICAgIGlmIGFueSh3b3JkIGluIHByb21wdC5sb3dlcigpIGZvciB3b3JkIGluIFsn7Ju5JywgJ3dlYicsICdhcGknXSk6CiAgICAgICAgICAgIHNlcnZpY2VzLmFwcGVuZCh7Im5hbWUiOiAiRUMyIiwgInR5cGUiOiAidDIubWljcm8iLCAicXVhbnRpdHkiOiAxLCAicmVhc29uIjogIuybueyEnOuyhCJ9KQogICAgICAgICAgICB0b3RhbF9jb3N0ICs9IHNlbGYuc2VydmljZV9jb3N0c1snRUMyJ11bJ3QyLm1pY3JvJ10KICAgICAgICAgICAgCiAgICAgICAgICAgIHNlcnZpY2VzLmFwcGVuZCh7Im5hbWUiOiAiUkRTIiwgInR5cGUiOiAiZGIudDMubWljcm8iLCAicXVhbnRpdHkiOiAxLCAicmVhc29uIjogIuuNsOydtO2EsOuyoOydtOyKpCJ9KQogICAgICAgICAgICB0b3RhbF9jb3N0ICs9IHNlbGYuc2VydmljZV9jb3N0c1snUkRTJ11bJ2RiLnQzLm1pY3JvJ10KICAgICAgICAKICAgICAgICByZXR1cm4gewogICAgICAgICAgICAic2VydmljZXMiOiBzZXJ2aWNlcywKICAgICAgICAgICAgImVzdGltYXRlZF9jb3N0IjogdG90YWxfY29zdCwKICAgICAgICAgICAgImZlYXNpYmxlIjogdG90YWxfY29zdCA8PSBmbG9hdChidWRnZXQpCiAgICAgICAgfQoKZXN0aW1hdG9yID0gQVdTU2VydmljZUVzdGltYXRvcigpCgpkZWYgcHJvY2Vzc19yZXF1ZXN0KHJlcXVlc3RfdXVpZCwgcHJvbXB0LCBidWRnZXQpOgogICAgdHJ5OgogICAgICAgIHJlc3VsdHNfc3RvcmVbcmVxdWVzdF91dWlkXSA9IHsnc3RhdHVzJzogJ3Byb2Nlc3NpbmcnfQogICAgICAgIHRpbWUuc2xlZXAoMykgICMg7Iuc666s66CI7J207IWYCiAgICAgICAgCiAgICAgICAgYW5hbHlzaXMgPSBlc3RpbWF0b3IuYW5hbHl6ZV9yZXF1aXJlbWVudHMocHJvbXB0LCBidWRnZXQpCiAgICAgICAgCiAgICAgICAgaWYgYW5hbHlzaXNbJ2ZlYXNpYmxlJ106CiAgICAgICAgICAgIHJlc3VsdCA9IHsKICAgICAgICAgICAgICAgICdzdGF0dXMnOiAnY29tcGxldGVkJywKICAgICAgICAgICAgICAgICdmZWFzaWJsZSc6IFRydWUsCiAgICAgICAgICAgICAgICAnc2VydmljZXMnOiBhbmFseXNpc1snc2VydmljZXMnXSwKICAgICAgICAgICAgICAgICd0b3RhbF9jb3N0JzogYW5hbHlzaXNbJ2VzdGltYXRlZF9jb3N0J10sCiAgICAgICAgICAgICAgICAnYnVkZ2V0JzogZmxvYXQoYnVkZ2V0KQogICAgICAgICAgICB9CiAgICAgICAgZWxzZToKICAgICAgICAgICAgcmVzdWx0ID0gewogICAgICAgICAgICAgICAgJ3N0YXR1cyc6ICdjb21wbGV0ZWQnLAogICAgICAgICAgICAgICAgJ2ZlYXNpYmxlJzogRmFsc2UsCiAgICAgICAgICAgICAgICAnbWVzc2FnZSc6IGYn7JiI7IKwICQnICsgc3RyKGJ1ZGdldCkgKyAn66Gc64qUIOyalOq1rOyCrO2VreydhCDstqnsobHtlaAg7IiYIOyXhuyKteuLiOuLpC4nLAogICAgICAgICAgICAgICAgJ21pbmltdW1fYnVkZ2V0JzogYW5hbHlzaXNbJ2VzdGltYXRlZF9jb3N0J10KICAgICAgICAgICAgfQogICAgICAgIAogICAgICAgIHJlc3VsdHNfc3RvcmVbcmVxdWVzdF91dWlkXSA9IHJlc3VsdAogICAgICAgIAogICAgZXhjZXB0IEV4Y2VwdGlvbiBhcyBlOgogICAgICAgIHJlc3VsdHNfc3RvcmVbcmVxdWVzdF91dWlkXSA9IHsnc3RhdHVzJzogJ2ZhaWxlZCcsICdlcnJvcic6IHN0cihlKX0KCkBhcHAucm91dGUoJy9wcm9jZXNzJywgbWV0aG9kcz1bJ1BPU1QnXSkKZGVmIHByb2Nlc3MoKToKICAgIGRhdGEgPSByZXF1ZXN0Lmpzb24KICAgIHJlcXVlc3RfdXVpZCA9IGRhdGEuZ2V0KCd1dWlkJykKICAgIHByb21wdCA9IGRhdGEuZ2V0KCdwcm9tcHQnKQogICAgYnVkZ2V0ID0gZGF0YS5nZXQoJ2J1ZGdldCcpCiAgICAKICAgIHRocmVhZCA9IFRocmVhZCh0YXJnZXQ9cHJvY2Vzc19yZXF1ZXN0LCBhcmdzPShyZXF1ZXN0X3V1aWQsIHByb21wdCwgYnVkZ2V0KSkKICAgIHRocmVhZC5zdGFydCgpCiAgICAKICAgIHJldHVybiBqc29uaWZ5KHsndXVpZCc6IHJlcXVlc3RfdXVpZCwgJ3N0YXR1cyc6ICdwcm9jZXNzaW5nJ30pCgpAYXBwLnJvdXRlKCcvcmVzdWx0LzxyZXF1ZXN0X3V1aWQ+JykKZGVmIGdldF9yZXN1bHQocmVxdWVzdF91dWlkKToKICAgIHJlc3VsdCA9IHJlc3VsdHNfc3RvcmUuZ2V0KHJlcXVlc3RfdXVpZCwgeydzdGF0dXMnOiAnbm90X2ZvdW5kJ30pCiAgICByZXR1cm4ganNvbmlmeShyZXN1bHQpCgpAYXBwLnJvdXRlKCcvaGVhbHRoJykKZGVmIGhlYWx0aCgpOgogICAgcmV0dXJuIGpzb25pZnkoeydzdGF0dXMnOiAnaGVhbHRoeSd9KQoKaWYgX19uYW1lX18gPT0gJ19fbWFpbl9fJzoKICAgIGFwcC5ydW4oaG9zdD0nMC4wLjAuMCcsIHBvcnQ9NTAwMSkKRU9GCgpwaXAzIGluc3RhbGwgZmxhc2sgYm90bzMKbm9odXAgcHl0aG9uMyBhcHAucHkgPiBiYWNrZW5kLmxvZyAyPiYxICY=",
            "vpc_security_group_ids": [
              "sg-0db4ddc442e101560"
            ]
          },
          "sensitive_attributes": [],
          "identity_schema_version": 0,
          "private": "bnVsbA==",
          "dependencies": [
            "aws_iam_instance_profile.ec2_profile",
            "aws_iam_role.ec2_role",
            "aws_security_group.alb",
            "aws_security_group.ec2",
            "aws_vpc.main"
          ]
        }
      ]
    },
    {
      "mode": "managed",
      "type": "aws_lb",
      "name": "main",
      "provider": "provider[\"registry.terraform.io/hashicorp/aws\"]",
      "instances": [
        {
          "status": "tainted",
          "schema_version": 0,
          "attributes": {
            "access_logs": [],
            "arn": null,
            "arn_suffix": null,
            "client_keep_alive": 3600,
            "connection_logs": [],
            "customer_owned_ipv4_pool": null,
            "desync_mitigation_mode": "defensive",
            "dns_name": null,
            "dns_record_client_routing_policy": null,
            "drop_invalid_header_fields": false,
            "enable_cross_zone_load_balancing": null,
            "enable_deletion_protection": false,
            "enable_http2": true,
            "enable_tls_version_and_cipher_suite_headers": false,
            "enable_waf_fail_open": false,
            "enable_xff_client_port": false,
            "enable_zonal_shift": false,
            "enforce_security_group_inbound_rules_on_private_link_traffic": null,
            "id": "arn:aws:elasticloadbalancing:us-east-1:211125767499:loadbalancer/app/cloudoptimizer-alb/0b4739395a89eedc",
            "idle_timeout": 60,
            "internal": false,
            "ip_address_type": null,
            "ipam_pools": [],
            "load_balancer_type": "application",
            "minimum_load_balancer_capacity": [],
            "name": "cloudoptimizer-alb",
            "name_prefix": null,
            "preserve_host_header": false,
            "security_groups": [
              "sg-0881762638c5d478c"
            ],
            "subnet_mapping": [],
            "subnets": [
              "subnet-00483e8a722c5b698",
              "subnet-0c8ee77df40bb52a7"
            ],
            "tags": {
              "Name": "cloudoptimizer-alb"
            },
            "tags_all": {
              "Name": "cloudoptimizer-alb"
            },
            "timeouts": null,
            "vpc_id": null,
            "xff_header_processing_mode": "append",
            "zone_id": null
          },
          "sensitive_attributes": [],
          "identity_schema_version": 0,
          "private": "eyJlMmJmYjczMC1lY2FhLTExZTYtOGY4OC0zNDM2M2JjN2M0YzAiOnsiY3JlYXRlIjo2MDAwMDAwMDAwMDAsImRlbGV0ZSI6NjAwMDAwMDAwMDAwLCJ1cGRhdGUiOjYwMDAwMDAwMDAwMH19",
          "dependencies": [
            "aws_security_group.alb",
            "aws_subnet.public",
            "aws_vpc.main"
          ]
        }
      ]
    },
    {
      "mode": "managed",
      "type": "aws_lb_target_group",
      "name": "backend",
      "provider": "provider[\"registry.terraform.io/hashicorp/aws\"]",
      "instances": [
        {
          "schema_version": 0,
          "attributes": {
            "arn": "arn:aws:elasticloadbalancing:us-east-1:211125767499:targetgroup/cloudoptimizer-backend/b312594cd4b76d37",
            "arn_suffix": "targetgroup/cloudoptimizer-backend/b312594cd4b76d37",
            "connection_termination": null,
            "deregistration_delay": "300",
            "health_check": [
              {
                "enabled": true,
                "healthy_threshold": 2,
                "interval": 30,
                "matcher": "200",
                "path": "/health",
                "port": "traffic-port",
                "protocol": "HTTP",
                "timeout": 5,
                "unhealthy_threshold": 2
              }
            ],
            "id": "arn:aws:elasticloadbalancing:us-east-1:211125767499:targetgroup/cloudoptimizer-backend/b312594cd4b76d37",
            "ip_address_type": "ipv4",
            "lambda_multi_value_headers_enabled": false,
            "load_balancer_arns": [],
            "load_balancing_algorithm_type": "round_robin",
            "load_balancing_anomaly_mitigation": "off",
            "load_balancing_cross_zone_enabled": "use_load_balancer_configuration",
            "name": "cloudoptimizer-backend",
            "name_prefix": "",
            "port": 5000,
            "preserve_client_ip": null,
            "protocol": "HTTP",
            "protocol_version": "HTTP1",
            "proxy_protocol_v2": false,
            "slow_start": 0,
            "stickiness": [
              {
                "cookie_duration": 86400,
                "cookie_name": "",
                "enabled": false,
                "type": "lb_cookie"
              }
            ],
            "tags": null,
            "tags_all": {},
            "target_failover": [
              {
                "on_deregistration": null,
                "on_unhealthy": null
              }
            ],
            "target_group_health": [
              {
                "dns_failover": [
                  {
                    "minimum_healthy_targets_count": "1",
                    "minimum_healthy_targets_percentage": "off"
                  }
                ],
                "unhealthy_state_routing": [
                  {
                    "minimum_healthy_targets_count": 1,
                    "minimum_healthy_targets_percentage": "off"
                  }
                ]
              }
            ],
            "target_health_state": [
              {
                "enable_unhealthy_connection_termination": null,
                "unhealthy_draining_interval": null
              }
            ],
            "target_type": "instance",
            "vpc_id": "vpc-0e16a9e16b4b05298"
          },
          "sensitive_attributes": [],
          "identity_schema_version": 0,
          "private": "bnVsbA==",
          "dependencies": [
            "aws_vpc.main"
          ]
        }
      ]
    },
    {
      "mode": "managed",
      "type": "aws_lb_target_group",
      "name": "frontend",
      "provider": "provider[\"registry.terraform.io/hashicorp/aws\"]",
      "instances": [
        {
          "schema_version": 0,
          "attributes": {
            "arn": "arn:aws:elasticloadbalancing:us-east-1:211125767499:targetgroup/cloudoptimizer-frontend/0fef41388395f7f2",
            "arn_suffix": "targetgroup/cloudoptimizer-frontend/0fef41388395f7f2",
            "connection_termination": null,
            "deregistration_delay": "300",
            "health_check": [
              {
                "enabled": true,
                "healthy_threshold": 2,
                "interval": 30,
                "matcher": "200",
                "path": "/",
                "port": "traffic-port",
                "protocol": "HTTP",
                "timeout": 5,
                "unhealthy_threshold": 2
              }
            ],
            "id": "arn:aws:elasticloadbalancing:us-east-1:211125767499:targetgroup/cloudoptimizer-frontend/0fef41388395f7f2",
            "ip_address_type": "ipv4",
            "lambda_multi_value_headers_enabled": false,
            "load_balancer_arns": [],
            "load_balancing_algorithm_type": "round_robin",
            "load_balancing_anomaly_mitigation": "off",
            "load_balancing_cross_zone_enabled": "use_load_balancer_configuration",
            "name": "cloudoptimizer-frontend",
            "name_prefix": "",
            "port": 5000,
            "preserve_client_ip": null,
            "protocol": "HTTP",
            "protocol_version": "HTTP1",
            "proxy_protocol_v2": false,
            "slow_start": 0,
            "stickiness": [
              {
                "cookie_duration": 86400,
                "cookie_name": "",
                "enabled": false,
                "type": "lb_cookie"
              }
            ],
            "tags": null,
            "tags_all": {},
            "target_failover": [
              {
                "on_deregistration": null,
                "on_unhealthy": null
              }
            ],
            "target_group_health": [
              {
                "dns_failover": [
                  {
                    "minimum_healthy_targets_count": "1",
                    "minimum_healthy_targets_percentage": "off"
                  }
                ],
                "unhealthy_state_routing": [
                  {
                    "minimum_healthy_targets_count": 1,
                    "minimum_healthy_targets_percentage": "off"
                  }
                ]
              }
            ],
            "target_health_state": [
              {
                "enable_unhealthy_connection_termination": null,
                "unhealthy_draining_interval": null
              }
            ],
            "target_type": "instance",
            "vpc_id": "vpc-0e16a9e16b4b05298"
          },
          "sensitive_attributes": [],
          "identity_schema_version": 0,
          "private": "bnVsbA==",
          "dependencies": [
            "aws_vpc.main"
          ]
        }
      ]
    },
    {
      "mode": "managed",
      "type": "aws_route_table",
      "name": "public",
      "provider": "provider[\"registry.terraform.io/hashicorp/aws\"]",
      "instances": [
        {
          "schema_version": 0,
          "attributes": {
            "arn": "arn:aws:ec2:us-east-1:211125767499:route-table/rtb-0db36d11122dc1c62",
            "id": "rtb-0db36d11122dc1c62",
            "owner_id": "211125767499",
            "propagating_vgws": [],
            "route": [
              {
                "carrier_gateway_id": "",
                "cidr_block": "0.0.0.0/0",
                "core_network_arn": "",
                "destination_prefix_list_id": "",
                "egress_only_gateway_id": "",
                "gateway_id": "igw-0338be546baa5dce0",
                "ipv6_cidr_block": "",
                "local_gateway_id": "",
                "nat_gateway_id": "",
                "network_interface_id": "",
                "transit_gateway_id": "",
                "vpc_endpoint_id": "",
                "vpc_peering_connection_id": ""
              }
            ],
            "tags": {
              "Name": "cloudoptimizer-public-rt"
            },
            "tags_all": {
              "Name": "cloudoptimizer-public-rt"
            },
            "timeouts": null,
            "vpc_id": "vpc-0e16a9e16b4b05298"
          },
          "sensitive_attributes": [],
          "identity_schema_version": 0,
          "private": "eyJlMmJmYjczMC1lY2FhLTExZTYtOGY4OC0zNDM2M2JjN2M0YzAiOnsiY3JlYXRlIjozMDAwMDAwMDAwMDAsImRlbGV0ZSI6MzAwMDAwMDAwMDAwLCJ1cGRhdGUiOjEyMDAwMDAwMDAwMH19",
          "dependencies": [
            "aws_internet_gateway.main",
            "aws_vpc.main"
          ]
        }
      ]
    },
    {
      "mode": "managed",
      "type": "aws_route_table_association",
      "name": "public",
      "provider": "provider[\"registry.terraform.io/hashicorp/aws\"]",
      "instances": [
        {
          "index_key": 0,
          "schema_version": 0,
          "attributes": {
            "gateway_id": "",
            "id": "rtbassoc-08a12ee7449455db4",
            "route_table_id": "rtb-0db36d11122dc1c62",
            "subnet_id": "subnet-00483e8a722c5b698",
            "timeouts": null
          },
          "sensitive_attributes": [],
          "identity_schema_version": 0,
          "private": "eyJlMmJmYjczMC1lY2FhLTExZTYtOGY4OC0zNDM2M2JjN2M0YzAiOnsiY3JlYXRlIjozMDAwMDAwMDAwMDAsImRlbGV0ZSI6MzAwMDAwMDAwMDAwLCJ1cGRhdGUiOjEyMDAwMDAwMDAwMH19",
          "dependencies": [
            "aws_internet_gateway.main",
            "aws_route_table.public",
            "aws_subnet.public",
            "aws_vpc.main"
          ]
        },
        {
          "index_key": 1,
          "schema_version": 0,
          "attributes": {
            "gateway_id": "",
            "id": "rtbassoc-04dcc2342aa289b79",
            "route_table_id": "rtb-0db36d11122dc1c62",
            "subnet_id": "subnet-0c8ee77df40bb52a7",
            "timeouts": null
          },
          "sensitive_attributes": [],
          "identity_schema_version": 0,
          "private": "eyJlMmJmYjczMC1lY2FhLTExZTYtOGY4OC0zNDM2M2JjN2M0YzAiOnsiY3JlYXRlIjozMDAwMDAwMDAwMDAsImRlbGV0ZSI6MzAwMDAwMDAwMDAwLCJ1cGRhdGUiOjEyMDAwMDAwMDAwMH19",
          "dependencies": [
            "aws_internet_gateway.main",
            "aws_route_table.public",
            "aws_subnet.public",
            "aws_vpc.main"
          ]
        }
      ]
    },
    {
      "mode": "managed",
      "type": "aws_security_group",
      "name": "alb",
      "provider": "provider[\"registry.terraform.io/hashicorp/aws\"]",
      "instances": [
        {
          "schema_version": 1,
          "attributes": {
            "arn": "arn:aws:ec2:us-east-1:211125767499:security-group/sg-0881762638c5d478c",
            "description": "Managed by Terraform",
            "egress": [
              {
                "cidr_blocks": [
                  "0.0.0.0/0"
                ],
                "description": "",
                "from_port": 0,
                "ipv6_cidr_blocks": [],
                "prefix_list_ids": [],
                "protocol": "-1",
                "security_groups": [],
                "self": false,
                "to_port": 0
              }
            ],
            "id": "sg-0881762638c5d478c",
            "ingress": [
              {
                "cidr_blocks": [
                  "0.0.0.0/0"
                ],
                "description": "",
                "from_port": 443,
                "ipv6_cidr_blocks": [],
                "prefix_list_ids": [],
                "protocol": "tcp",
                "security_groups": [],
                "self": false,
                "to_port": 443
              },
              {
                "cidr_blocks": [
                  "0.0.0.0/0"
                ],
                "description": "",
                "from_port": 80,
                "ipv6_cidr_blocks": [],
                "prefix_list_ids": [],
                "protocol": "tcp",
                "security_groups": [],
                "self": false,
                "to_port": 80
              }
            ],
            "name": "cloudoptimizer-alb-20250905083549812300000001",
            "name_prefix": "cloudoptimizer-alb-",
            "owner_id": "211125767499",
            "revoke_rules_on_delete": false,
            "tags": {
              "Name": "cloudoptimizer-alb-sg"
            },
            "tags_all": {
              "Name": "cloudoptimizer-alb-sg"
            },
            "timeouts": null,
            "vpc_id": "vpc-0e16a9e16b4b05298"
          },
          "sensitive_attributes": [],
          "identity_schema_version": 0,
          "private": "eyJlMmJmYjczMC1lY2FhLTExZTYtOGY4OC0zNDM2M2JjN2M0YzAiOnsiY3JlYXRlIjo2MDAwMDAwMDAwMDAsImRlbGV0ZSI6OTAwMDAwMDAwMDAwfSwic2NoZW1hX3ZlcnNpb24iOiIxIn0=",
          "dependencies": [
            "aws_vpc.main"
          ]
        }
      ]
    },
    {
      "mode": "managed",
      "type": "aws_security_group",
      "name": "ec2",
      "provider": "provider[\"registry.terraform.io/hashicorp/aws\"]",
      "instances": [
        {
          "schema_version": 1,
          "attributes": {
            "arn": "arn:aws:ec2:us-east-1:211125767499:security-group/sg-0db4ddc442e101560",
            "description": "Managed by Terraform",
            "egress": [
              {
                "cidr_blocks": [
                  "0.0.0.0/0"
                ],
                "description": "",
                "from_port": 0,
                "ipv6_cidr_blocks": [],
                "prefix_list_ids": [],
                "protocol": "-1",
                "security_groups": [],
                "self": false,
                "to_port": 0
              }
            ],
            "id": "sg-0db4ddc442e101560",
            "ingress": [
              {
                "cidr_blocks": [
                  "0.0.0.0/0"
                ],
                "description": "",
                "from_port": 22,
                "ipv6_cidr_blocks": [],
                "prefix_list_ids": [],
                "protocol": "tcp",
                "security_groups": [],
                "self": false,
                "to_port": 22
              },
              {
                "cidr_blocks": [],
                "description": "",
                "from_port": 5000,
                "ipv6_cidr_blocks": [],
                "prefix_list_ids": [],
                "protocol": "tcp",
                "security_groups": [
                  "sg-0881762638c5d478c"
                ],
                "self": false,
                "to_port": 5000
              }
            ],
            "name": "cloudoptimizer-ec2-20250905083554802800000003",
            "name_prefix": "cloudoptimizer-ec2-",
            "owner_id": "211125767499",
            "revoke_rules_on_delete": false,
            "tags": {
              "Name": "cloudoptimizer-ec2-sg"
            },
            "tags_all": {
              "Name": "cloudoptimizer-ec2-sg"
            },
            "timeouts": null,
            "vpc_id": "vpc-0e16a9e16b4b05298"
          },
          "sensitive_attributes": [],
          "identity_schema_version": 0,
          "private": "eyJlMmJmYjczMC1lY2FhLTExZTYtOGY4OC0zNDM2M2JjN2M0YzAiOnsiY3JlYXRlIjo2MDAwMDAwMDAwMDAsImRlbGV0ZSI6OTAwMDAwMDAwMDAwfSwic2NoZW1hX3ZlcnNpb24iOiIxIn0=",
          "dependencies": [
            "aws_security_group.alb",
            "aws_vpc.main"
          ]
        }
      ]
    },
    {
      "mode": "managed",
      "type": "aws_subnet",
      "name": "public",
      "provider": "provider[\"registry.terraform.io/hashicorp/aws\"]",
      "instances": [
        {
          "index_key": 0,
          "schema_version": 1,
          "attributes": {
            "arn": "arn:aws:ec2:us-east-1:211125767499:subnet/subnet-00483e8a722c5b698",
            "assign_ipv6_address_on_creation": false,
            "availability_zone": "us-east-1a",
            "availability_zone_id": "use1-az4",
            "cidr_block": "10.0.1.0/24",
            "customer_owned_ipv4_pool": "",
            "enable_dns64": false,
            "enable_lni_at_device_index": 0,
            "enable_resource_name_dns_a_record_on_launch": false,
            "enable_resource_name_dns_aaaa_record_on_launch": false,
            "id": "subnet-00483e8a722c5b698",
            "ipv6_cidr_block": "",
            "ipv6_cidr_block_association_id": "",
            "ipv6_native": false,
            "map_customer_owned_ip_on_launch": false,
            "map_public_ip_on_launch": true,
            "outpost_arn": "",
            "owner_id": "211125767499",
            "private_dns_hostname_type_on_launch": "ip-name",
            "tags": {
              "Name": "cloudoptimizer-public-1"
            },
            "tags_all": {
              "Name": "cloudoptimizer-public-1"
            },
            "timeouts": null,
            "vpc_id": "vpc-0e16a9e16b4b05298"
          },
          "sensitive_attributes": [],
          "identity_schema_version": 0,
          "private": "eyJlMmJmYjczMC1lY2FhLTExZTYtOGY4OC0zNDM2M2JjN2M0YzAiOnsiY3JlYXRlIjo2MDAwMDAwMDAwMDAsImRlbGV0ZSI6MTIwMDAwMDAwMDAwMH0sInNjaGVtYV92ZXJzaW9uIjoiMSJ9",
          "dependencies": [
            "aws_vpc.main"
          ]
        },
        {
          "index_key": 1,
          "schema_version": 1,
          "attributes": {
            "arn": "arn:aws:ec2:us-east-1:211125767499:subnet/subnet-0c8ee77df40bb52a7",
            "assign_ipv6_address_on_creation": false,
            "availability_zone": "us-east-1c",
            "availability_zone_id": "use1-az1",
            "cidr_block": "10.0.2.0/24",
            "customer_owned_ipv4_pool": "",
            "enable_dns64": false,
            "enable_lni_at_device_index": 0,
            "enable_resource_name_dns_a_record_on_launch": false,
            "enable_resource_name_dns_aaaa_record_on_launch": false,
            "id": "subnet-0c8ee77df40bb52a7",
            "ipv6_cidr_block": "",
            "ipv6_cidr_block_association_id": "",
            "ipv6_native": false,
            "map_customer_owned_ip_on_launch": false,
            "map_public_ip_on_launch": true,
            "outpost_arn": "",
            "owner_id": "211125767499",
            "private_dns_hostname_type_on_launch": "ip-name",
            "tags": {
              "Name": "cloudoptimizer-public-2"
            },
            "tags_all": {
              "Name": "cloudoptimizer-public-2"
            },
            "timeouts": null,
            "vpc_id": "vpc-0e16a9e16b4b05298"
          },
          "sensitive_attributes": [],
          "identity_schema_version": 0,
          "private": "eyJlMmJmYjczMC1lY2FhLTExZTYtOGY4OC0zNDM2M2JjN2M0YzAiOnsiY3JlYXRlIjo2MDAwMDAwMDAwMDAsImRlbGV0ZSI6MTIwMDAwMDAwMDAwMH0sInNjaGVtYV92ZXJzaW9uIjoiMSJ9",
          "dependencies": [
            "aws_vpc.main"
          ]
        }
      ]
    },
    {
      "mode": "managed",
      "type": "aws_vpc",
      "name": "main",
      "provider": "provider[\"registry.terraform.io/hashicorp/aws\"]",
      "instances": [
        {
          "schema_version": 1,
          "attributes": {
            "arn": "arn:aws:ec2:us-east-1:211125767499:vpc/vpc-0e16a9e16b4b05298",
            "assign_generated_ipv6_cidr_block": false,
            "cidr_block": "10.0.0.0/16",
            "default_network_acl_id": "acl-003e275c973dcbc47",
            "default_route_table_id": "rtb-021a859e1c9a171bc",
            "default_security_group_id": "sg-0e82a18f578048754",
            "dhcp_options_id": "dopt-057ef10a5af9990fa",
            "enable_dns_hostnames": true,
            "enable_dns_support": true,
            "enable_network_address_usage_metrics": false,
            "id": "vpc-0e16a9e16b4b05298",
            "instance_tenancy": "default",
            "ipv4_ipam_pool_id": null,
            "ipv4_netmask_length": null,
            "ipv6_association_id": "",
            "ipv6_cidr_block": "",
            "ipv6_cidr_block_network_border_group": "",
            "ipv6_ipam_pool_id": "",
            "ipv6_netmask_length": 0,
            "main_route_table_id": "rtb-021a859e1c9a171bc",
            "owner_id": "211125767499",
            "tags": {
              "Name": "cloudoptimizer-vpc"
            },
            "tags_all": {
              "Name": "cloudoptimizer-vpc"
            }
          },
          "sensitive_attributes": [],
          "identity_schema_version": 0,
          "private": "eyJzY2hlbWFfdmVyc2lvbiI6IjEifQ=="
        }
      ]
    }
  ],
  "check_results": null
}
